
Microsoft Visual Studio Solution File, Format Version 12.00
# Visual Studio Version 17
VisualStudioVersion = 17.0.31903.59
MinimumVisualStudioVersion = 10.0.40219.1
Project("{FAE04EC0-301F-11D3-BF4B-00C04F79EFBC}") = "RhealAI.API", "RhealAI.API\RhealAI.API.csproj", "{ED929994-2C14-42BA-B686-FD826C3BD816}"
EndProject
Project("{FAE04EC0-301F-11D3-BF4B-00C04F79EFBC}") = "RhealAI.Application", "RhealAI.Application\RhealAI.Application.csproj", "{EAE6AB27-96C0-4218-BD67-ECE29BE4ABA8}"
EndProject
Project("{FAE04EC0-301F-11D3-BF4B-00C04F79EFBC}") = "RhealAI.Domain", "RhealAI.Domain\RhealAI.Domain.csproj", "{55B40BEE-B6D6-4F48-A63B-2B3DADE6D498}"
EndProject
Project("{FAE04EC0-301F-11D3-BF4B-00C04F79EFBC}") = "RhealAI.Infrastructure", "RhealAI.Infrastructure\RhealAI.Infrastructure.csproj", "{580F0251-992E-48B0-BA4A-D121B7C6147F}"
EndProject
Global
	GlobalSection(SolutionConfigurationPlatforms) = preSolution
		Debug|Any CPU = Debug|Any CPU
		Debug|x64 = Debug|x64
		Debug|x86 = Debug|x86
		Release|Any CPU = Release|Any CPU
		Release|x64 = Release|x64
		Release|x86 = Release|x86
	EndGlobalSection
	GlobalSection(ProjectConfigurationPlatforms) = postSolution
		{ED929994-2C14-42BA-B686-FD826C3BD816}.Debug|Any CPU.ActiveCfg = Debug|Any CPU
		{ED929994-2C14-42BA-B686-FD826C3BD816}.Debug|Any CPU.Build.0 = Debug|Any CPU
		{ED929994-2C14-42BA-B686-FD826C3BD816}.Debug|x64.ActiveCfg = Debug|Any CPU
		{ED929994-2C14-42BA-B686-FD826C3BD816}.Debug|x64.Build.0 = Debug|Any CPU
		{ED929994-2C14-42BA-B686-FD826C3BD816}.Debug|x86.ActiveCfg = Debug|Any CPU
		{ED929994-2C14-42BA-B686-FD826C3BD816}.Debug|x86.Build.0 = Debug|Any CPU
		{ED929994-2C14-42BA-B686-FD826C3BD816}.Release|Any CPU.ActiveCfg = Release|Any CPU
		{ED929994-2C14-42BA-B686-FD826C3BD816}.Release|Any CPU.Build.0 = Release|Any CPU
		{ED929994-2C14-42BA-B686-FD826C3BD816}.Release|x64.ActiveCfg = Release|Any CPU
		{ED929994-2C14-42BA-B686-FD826C3BD816}.Release|x64.Build.0 = Release|Any CPU
		{ED929994-2C14-42BA-B686-FD826C3BD816}.Release|x86.ActiveCfg = Release|Any CPU
		{ED929994-2C14-42BA-B686-FD826C3BD816}.Release|x86.Build.0 = Release|Any CPU
		{EAE6AB27-96C0-4218-BD67-ECE29BE4ABA8}.Debug|Any CPU.ActiveCfg = Debug|Any CPU
		{EAE6AB27-96C0-4218-BD67-ECE29BE4ABA8}.Debug|Any CPU.Build.0 = Debug|Any CPU
		{EAE6AB27-96C0-4218-BD67-ECE29BE4ABA8}.Debug|x64.ActiveCfg = Debug|Any CPU
		{EAE6AB27-96C0-4218-BD67-ECE29BE4ABA8}.Debug|x64.Build.0 = Debug|Any CPU
		{EAE6AB27-96C0-4218-BD67-ECE29BE4ABA8}.Debug|x86.ActiveCfg = Debug|Any CPU
		{EAE6AB27-96C0-4218-BD67-ECE29BE4ABA8}.Debug|x86.Build.0 = Debug|Any CPU
		{EAE6AB27-96C0-4218-BD67-ECE29BE4ABA8}.Release|Any CPU.ActiveCfg = Release|Any CPU
		{EAE6AB27-96C0-4218-BD67-ECE29BE4ABA8}.Release|Any CPU.Build.0 = Release|Any CPU
		{EAE6AB27-96C0-4218-BD67-ECE29BE4ABA8}.Release|x64.ActiveCfg = Release|Any CPU
		{EAE6AB27-96C0-4218-BD67-ECE29BE4ABA8}.Release|x64.Build.0 = Release|Any CPU
		{EAE6AB27-96C0-4218-BD67-ECE29BE4ABA8}.Release|x86.ActiveCfg = Release|Any CPU
		{EAE6AB27-96C0-4218-BD67-ECE29BE4ABA8}.Release|x86.Build.0 = Release|Any CPU
		{55B40BEE-B6D6-4F48-A63B-2B3DADE6D498}.Debug|Any CPU.ActiveCfg = Debug|Any CPU
		{55B40BEE-B6D6-4F48-A63B-2B3DADE6D498}.Debug|Any CPU.Build.0 = Debug|Any CPU
		{55B40BEE-B6D6-4F48-A63B-2B3DADE6D498}.Debug|x64.ActiveCfg = Debug|Any CPU
		{55B40BEE-B6D6-4F48-A63B-2B3DADE6D498}.Debug|x64.Build.0 = Debug|Any CPU
		{55B40BEE-B6D6-4F48-A63B-2B3DADE6D498}.Debug|x86.ActiveCfg = Debug|Any CPU
		{55B40BEE-B6D6-4F48-A63B-2B3DADE6D498}.Debug|x86.Build.0 = Debug|Any CPU
		{55B40BEE-B6D6-4F48-A63B-2B3DADE6D498}.Release|Any CPU.ActiveCfg = Release|Any CPU
		{55B40BEE-B6D6-4F48-A63B-2B3DADE6D498}.Release|Any CPU.Build.0 = Release|Any CPU
		{55B40BEE-B6D6-4F48-A63B-2B3DADE6D498}.Release|x64.ActiveCfg = Release|Any CPU
		{55B40BEE-B6D6-4F48-A63B-2B3DADE6D498}.Release|x64.Build.0 = Release|Any CPU
		{55B40BEE-B6D6-4F48-A63B-2B3DADE6D498}.Release|x86.ActiveCfg = Release|Any CPU
		{55B40BEE-B6D6-4F48-A63B-2B3DADE6D498}.Release|x86.Build.0 = Release|Any CPU
		{580F0251-992E-48B0-BA4A-D121B7C6147F}.Debug|Any CPU.ActiveCfg = Debug|Any CPU
		{580F0251-992E-48B0-BA4A-D121B7C6147F}.Debug|Any CPU.Build.0 = Debug|Any CPU
		{580F0251-992E-48B0-BA4A-D121B7C6147F}.Debug|x64.ActiveCfg = Debug|Any CPU
		{580F0251-992E-48B0-BA4A-D121B7C6147F}.Debug|x64.Build.0 = Debug|Any CPU
		{580F0251-992E-48B0-BA4A-D121B7C6147F}.Debug|x86.ActiveCfg = Debug|Any CPU
		{580F0251-992E-48B0-BA4A-D121B7C6147F}.Debug|x86.Build.0 = Debug|Any CPU
		{580F0251-992E-48B0-BA4A-D121B7C6147F}.Release|Any CPU.ActiveCfg = Release|Any CPU
		{580F0251-992E-48B0-BA4A-D121B7C6147F}.Release|Any CPU.Build.0 = Release|Any CPU
		{580F0251-992E-48B0-BA4A-D121B7C6147F}.Release|x64.ActiveCfg = Release|Any CPU
		{580F0251-992E-48B0-BA4A-D121B7C6147F}.Release|x64.Build.0 = Release|Any CPU
		{580F0251-992E-48B0-BA4A-D121B7C6147F}.Release|x86.ActiveCfg = Release|Any CPU
		{580F0251-992E-48B0-BA4A-D121B7C6147F}.Release|x86.Build.0 = Release|Any CPU
	EndGlobalSection
	GlobalSection(SolutionProperties) = preSolution
		HideSolutionNode = FALSE
	EndGlobalSection
EndGlobal
